<Solution>
  <Folder Name="/tests/">
    <Project Path="tests/Semsar.Tests/Semsar.Tests.csproj" />
  </Folder>
  <Project Path="API/API.csproj" />
  <Project Path="Application/Application.csproj" />
  <Project Path="Domain/Domain.csproj" />
  <Project Path="Infrastructure/Infrastructure.csproj" />
</Solution>
